
Microsoft Visual Studio Solution File, Format Version 12.00
# Visual Studio Version 17
VisualStudioVersion = 17.4.33122.133
MinimumVisualStudioVersion = 10.0.40219.1
Project("{FAE04EC0-301F-11D3-BF4B-00C04F79EFBC}") = "BE-CRUDMascotas", "BE-CRUDMascotas.csproj", "{0562C631-14D3-4435-8761-97E5857DAF7D}"
EndProject
Global
	GlobalSection(SolutionConfigurationPlatforms) = preSolution
		Debug|Any CPU = Debug|Any CPU
		Release|Any CPU = Release|Any CPU
	EndGlobalSection
	GlobalSection(ProjectConfigurationPlatforms) = postSolution
		{0562C631-14D3-4435-8761-97E5857DAF7D}.Debug|Any CPU.ActiveCfg = Debug|Any CPU
		{0562C631-14D3-4435-8761-97E5857DAF7D}.Debug|Any CPU.Build.0 = Debug|Any CPU
		{0562C631-14D3-4435-8761-97E5857DAF7D}.Release|Any CPU.ActiveCfg = Release|Any CPU
		{0562C631-14D3-4435-8761-97E5857DAF7D}.Release|Any CPU.Build.0 = Release|Any CPU
	EndGlobalSection
	GlobalSection(SolutionProperties) = preSolution
		HideSolutionNode = FALSE
	EndGlobalSection
	GlobalSection(ExtensibilityGlobals) = postSolution
		SolutionGuid = {16EE1E1F-7CAF-4AC8-8B2B-EDC303113A4F}
	EndGlobalSection
EndGlobal
